// !$*UTF8*$!
{
	archiveVersion = 1;
	classes = {
	};
	objectVersion = 56;
	objects = {

/* Begin PBXBuildFile section */
		3B5F1A0124B8F1C000E2D8A1 /* PaceCalculatorApp.swift in Sources */ = {isa = PBXBuildFile; fileRef = 3B5F1A0024B8F1C000E2D8A1 /* PaceCalculatorApp.swift */; };
		3B5F1A0324B8F1C000E2D8A2 /* ContentView.swift in Sources */ = {isa = PBXBuildFile; fileRef = 3B5F1A0224B8F1C000E2D8A2 /* ContentView.swift */; };
		3B5F1A1024B8F1D000E2D8A3 /* PaceCalculator.swift in Sources */ = {isa = PBXBuildFile; fileRef = 3B5F1A0F24B8F1D000E2D8A3 /* PaceCalculator.swift */; };
		3B5F1A1224B8F1D000E2D8A4 /* PaceConverterView.swift in Sources */ = {isa = PBXBuildFile; fileRef = 3B5F1A1124B8F1D000E2D8A4 /* PaceConverterView.swift */; };
		3B5F1A1424B8F1D000E2D8A5 /* RunCalculatorView.swift in Sources */ = {isa = PBXBuildFile; fileRef = 3B5F1A1324B8F1D000E2D8A5 /* RunCalculatorView.swift */; };
		3B5F1A1624B8F1D000E2D8A6 /* RaceSplitsView.swift in Sources */ = {isa = PBXBuildFile; fileRef = 3B5F1A1524B8F1D000E2D8A6 /* RaceSplitsView.swift */; };
		3B5F1A1824B8F1D000E2D8A7 /* GoalTimeView.swift in Sources */ = {isa = PBXBuildFile; fileRef = 3B5F1A1724B8F1D000E2D8A7 /* GoalTimeView.swift */; };
		3B5F1A3124B8F1E000E2D8A9 /* Assets.xcassets in Resources */ = {isa = PBXBuildFile; fileRef = 3B5F1A3024B8F1E000E2D8A8 /* Assets.xcassets */; };
		3B5F1A4024B8F2A000E2D8B0 /* AppSettings.swift in Sources */ = {isa = PBXBuildFile; fileRef = 3B5F1A3F24B8F2A000E2D8AF /* AppSettings.swift */; };
		3B5F1A4224B8F2A000E2D8B2 /* SettingsView.swift in Sources */ = {isa = PBXBuildFile; fileRef = 3B5F1A4124B8F2A000E2D8B1 /* SettingsView.swift */; };
/* End PBXBuildFile section */

/* Begin PBXFileReference section */
		3B5F19FD24B8F1B000E2D8A0 /* PaceCalculator.app */ = {isa = PBXFileReference; explicitFileType = wrapper.application; includeInIndex = 0; path = PaceCalculator.app; sourceTree = BUILT_PRODUCTS_DIR; };
		3B5F1A0024B8F1C000E2D8A1 /* PaceCalculatorApp.swift */ = {isa = PBXFileReference; lastKnownFileType = sourcecode.swift; path = PaceCalculatorApp.swift; sourceTree = "<group>"; };
		3B5F1A0224B8F1C000E2D8A2 /* ContentView.swift */ = {isa = PBXFileReference; lastKnownFileType = sourcecode.swift; path = ContentView.swift; sourceTree = "<group>"; };
		3B5F1A0F24B8F1D000E2D8A3 /* PaceCalculator.swift */ = {isa = PBXFileReference; lastKnownFileType = sourcecode.swift; path = PaceCalculator.swift; sourceTree = "<group>"; };
		3B5F1A1124B8F1D000E2D8A4 /* PaceConverterView.swift */ = {isa = PBXFileReference; lastKnownFileType = sourcecode.swift; path = PaceConverterView.swift; sourceTree = "<group>"; };
		3B5F1A1324B8F1D000E2D8A5 /* RunCalculatorView.swift */ = {isa = PBXFileReference; lastKnownFileType = sourcecode.swift; path = RunCalculatorView.swift; sourceTree = "<group>"; };
		3B5F1A1524B8F1D000E2D8A6 /* RaceSplitsView.swift */ = {isa = PBXFileReference; lastKnownFileType = sourcecode.swift; path = RaceSplitsView.swift; sourceTree = "<group>"; };
		3B5F1A1724B8F1D000E2D8A7 /* GoalTimeView.swift */ = {isa = PBXFileReference; lastKnownFileType = sourcecode.swift; path = GoalTimeView.swift; sourceTree = "<group>"; };
		3B5F1A2024B8F1E000E2D8A7 /* Info.plist */ = {isa = PBXFileReference; lastKnownFileType = text.plist.xml; path = Info.plist; sourceTree = "<group>"; };
		3B5F1A3024B8F1E000E2D8A8 /* Assets.xcassets */ = {isa = PBXFileReference; lastKnownFileType = folder.assetcatalog; path = Assets.xcassets; sourceTree = "<group>"; };
		3B5F1A3F24B8F2A000E2D8AF /* AppSettings.swift */ = {isa = PBXFileReference; lastKnownFileType = sourcecode.swift; path = AppSettings.swift; sourceTree = "<group>"; };
		3B5F1A4124B8F2A000E2D8B1 /* SettingsView.swift */ = {isa = PBXFileReference; lastKnownFileType = sourcecode.swift; path = SettingsView.swift; sourceTree = "<group>"; };
/* End PBXFileReference section */

/* Begin PBXFrameworksBuildPhase section */
		3B5F19FA24B8F1A000E2D8B1 /* Frameworks */ = {
			isa = PBXFrameworksBuildPhase;
			buildActionMask = 2147483647;
			files = (
			);
			runOnlyForDeploymentPostprocessing = 0;
		};
/* End PBXFrameworksBuildPhase section */

/* Begin PBXGroup section */
		3B5F19F424B8F1A000E2D8B2 = {
			isa = PBXGroup;
			children = (
				3B5F19F924B8F1A000E2D8B3 /* PaceCalculator */,
				3B5F19FE24B8F1B000E2D8B4 /* Products */,
			);
			sourceTree = "<group>";
		};
		3B5F19F924B8F1A000E2D8B3 /* PaceCalculator */ = {
			isa = PBXGroup;
			children = (
				3B5F1A0024B8F1C000E2D8A1 /* PaceCalculatorApp.swift */,
				3B5F1A0224B8F1C000E2D8A2 /* ContentView.swift */,
				3B5F1A0E24B8F1D000E2D8B5 /* Models */,
				3B5F1A1724B8F1D000E2D8B6 /* Views */,
				3B5F1A3024B8F1E000E2D8A8 /* Assets.xcassets */,
				3B5F1A2024B8F1E000E2D8A7 /* Info.plist */,
			);
			path = PaceCalculator;
			sourceTree = "<group>";
		};
		3B5F19FE24B8F1B000E2D8B4 /* Products */ = {
			isa = PBXGroup;
			children = (
				3B5F19FD24B8F1B000E2D8A0 /* PaceCalculator.app */,
			);
			name = Products;
			sourceTree = "<group>";
		};
		3B5F1A0E24B8F1D000E2D8B5 /* Models */ = {
			isa = PBXGroup;
			children = (
				3B5F1A0F24B8F1D000E2D8A3 /* PaceCalculator.swift */,
				3B5F1A3F24B8F2A000E2D8AF /* AppSettings.swift */,
			);
			path = Models;
			sourceTree = "<group>";
		};
		3B5F1A1724B8F1D000E2D8B6 /* Views */ = {
			isa = PBXGroup;
			children = (
				3B5F1A1124B8F1D000E2D8A4 /* PaceConverterView.swift */,
				3B5F1A1324B8F1D000E2D8A5 /* RunCalculatorView.swift */,
				3B5F1A1724B8F1D000E2D8A7 /* GoalTimeView.swift */,
				3B5F1A1524B8F1D000E2D8A6 /* RaceSplitsView.swift */,
				3B5F1A4124B8F2A000E2D8B1 /* SettingsView.swift */,
			);
			path = Views;
			sourceTree = "<group>";
		};
/* End PBXGroup section */

/* Begin PBXNativeTarget section */
		3B5F19FC24B8F1B000E2D8C1 /* PaceCalculator */ = {
			isa = PBXNativeTarget;
			buildConfigurationList = 3B5F1A1B24B8F1E000E2D8C2 /* Build configuration list for PBXNativeTarget "PaceCalculator" */;
			buildPhases = (
				3B5F19F824B8F1A000E2D8C3 /* Sources */,
				3B5F19FA24B8F1A000E2D8B1 /* Frameworks */,
				3B5F19FB24B8F1A000E2D8C4 /* Resources */,
			);
			buildRules = (
			);
			dependencies = (
			);
			name = PaceCalculator;
			productName = PaceCalculator;
			productReference = 3B5F19FD24B8F1B000E2D8A0 /* PaceCalculator.app */;
			productType = "com.apple.product-type.application";
		};
/* End PBXNativeTarget section */

/* Begin PBXProject section */
		3B5F19F524B8F1A000E2D8C5 /* Project object */ = {
			isa = PBXProject;
			attributes = {
				BuildIndependentTargetsInParallel = 1;
				LastSwiftUpdateCheck = 1500;
				LastUpgradeCheck = 2610;
				TargetAttributes = {
					3B5F19FC24B8F1B000E2D8C1 = {
						CreatedOnToolsVersion = 15.0;
					};
				};
			};
			buildConfigurationList = 3B5F19F824B8F1A000E2D8C6 /* Build configuration list for PBXProject "PaceCalculator" */;
			compatibilityVersion = "Xcode 14.0";
			developmentRegion = en;
			hasScannedForEncodings = 0;
			knownRegions = (
				en,
				Base,
			);
			mainGroup = 3B5F19F424B8F1A000E2D8B2;
			productRefGroup = 3B5F19FE24B8F1B000E2D8B4 /* Products */;
			projectDirPath = "";
			projectRoot = "";
			targets = (
				3B5F19FC24B8F1B000E2D8C1 /* PaceCalculator */,
			);
		};
/* End PBXProject section */

/* Begin PBXResourcesBuildPhase section */
		3B5F19FB24B8F1A000E2D8C4 /* Resources */ = {
			isa = PBXResourcesBuildPhase;
			buildActionMask = 2147483647;
			files = (
				3B5F1A3124B8F1E000E2D8A9 /* Assets.xcassets in Resources */,
			);
			runOnlyForDeploymentPostprocessing = 0;
		};
/* End PBXResourcesBuildPhase section */

/* Begin PBXSourcesBuildPhase section */
		3B5F19F824B8F1A000E2D8C3 /* Sources */ = {
			isa = PBXSourcesBuildPhase;
			buildActionMask = 2147483647;
			files = (
				3B5F1A0324B8F1C000E2D8A2 /* ContentView.swift in Sources */,
				3B5F1A0124B8F1C000E2D8A1 /* PaceCalculatorApp.swift in Sources */,
				3B5F1A1024B8F1D000E2D8A3 /* PaceCalculator.swift in Sources */,
				3B5F1A1224B8F1D000E2D8A4 /* PaceConverterView.swift in Sources */,
				3B5F1A1424B8F1D000E2D8A5 /* RunCalculatorView.swift in Sources */,
				3B5F1A1824B8F1D000E2D8A7 /* GoalTimeView.swift in Sources */,
				3B5F1A1624B8F1D000E2D8A6 /* RaceSplitsView.swift in Sources */,
				3B5F1A4024B8F2A000E2D8B0 /* AppSettings.swift in Sources */,
				3B5F1A4224B8F2A000E2D8B2 /* SettingsView.swift in Sources */,
			);
			runOnlyForDeploymentPostprocessing = 0;
		};
/* End PBXSourcesBuildPhase section */

/* Begin XCBuildConfiguration section */
		3B5F1A1924B8F1E000E2D8D1 /* Debug */ = {
			isa = XCBuildConfiguration;
			buildSettings = {
				ALWAYS_SEARCH_USER_PATHS = NO;
				ASSETCATALOG_COMPILER_GENERATE_SWIFT_ASSET_SYMBOL_EXTENSIONS = YES;
				CLANG_ANALYZER_NONNULL = YES;
				CLANG_ANALYZER_NUMBER_OBJECT_CONVERSION = YES_AGGRESSIVE;
				CLANG_CXX_LANGUAGE_STANDARD = "gnu++20";
				CLANG_ENABLE_MODULES = YES;
				CLANG_ENABLE_OBJC_ARC = YES;
				CLANG_ENABLE_OBJC_WEAK = YES;
				CLANG_WARN_BLOCK_CAPTURE_AUTORELEASING = YES;
				CLANG_WARN_BOOL_CONVERSION = YES;
				CLANG_WARN_COMMA = YES;
				CLANG_WARN_CONSTANT_CONVERSION = YES;
				CLANG_WARN_DEPRECATED_OBJC_IMPLEMENTATIONS = YES;
				CLANG_WARN_DIRECT_OBJC_ISA_USAGE = YES_ERROR;
				CLANG_WARN_DOCUMENTATION_COMMENTS = YES;
				CLANG_WARN_EMPTY_BODY = YES;
				CLANG_WARN_ENUM_CONVERSION = YES;
				CLANG_WARN_INFINITE_RECURSION = YES;
				CLANG_WARN_INT_CONVERSION = YES;
				CLANG_WARN_NON_LITERAL_NULL_CONVERSION = YES;
				CLANG_WARN_OBJC_IMPLICIT_RETAIN_SELF = YES;
				CLANG_WARN_OBJC_LITERAL_CONVERSION = YES;
				CLANG_WARN_OBJC_ROOT_CLASS = YES_ERROR;
				CLANG_WARN_QUOTED_INCLUDE_IN_FRAMEWORK_HEADER = YES;
				CLANG_WARN_RANGE_LOOP_ANALYSIS = YES;
				CLANG_WARN_STRICT_PROTOTYPES = YES;
				CLANG_WARN_SUSPICIOUS_MOVE = YES;
				CLANG_WARN_UNGUARDED_AVAILABILITY = YES_AGGRESSIVE;
				CLANG_WARN_UNREACHABLE_CODE = YES;
				CLANG_WARN__DUPLICATE_METHOD_MATCH = YES;
				COPY_PHASE_STRIP = NO;
				DEBUG_INFORMATION_FORMAT = dwarf;
				DEVELOPMENT_TEAM = 4UTYHPV7AM;
				ENABLE_STRICT_OBJC_MSGSEND = YES;
				ENABLE_TESTABILITY = YES;
				ENABLE_USER_SCRIPT_SANDBOXING = YES;
				GCC_C_LANGUAGE_STANDARD = gnu17;
				GCC_DYNAMIC_NO_PIC = NO;
				GCC_NO_COMMON_BLOCKS = YES;
				GCC_OPTIMIZATION_LEVEL = 0;
				GCC_PREPROCESSOR_DEFINITIONS = (
					"DEBUG=1",
					"$(inherited)",
				);
				GCC_WARN_64_TO_32_BIT_CONVERSION = YES;
				GCC_WARN_ABOUT_RETURN_TYPE = YES_ERROR;
				GCC_WARN_UNDECLARED_SELECTOR = YES;
				GCC_WARN_UNINITIALIZED_AUTOS = YES_AGGRESSIVE;
				GCC_WARN_UNUSED_FUNCTION = YES;
				GCC_WARN_UNUSED_VARIABLE = YES;
				IPHONEOS_DEPLOYMENT_TARGET = 16.0;
				LOCALIZATION_PREFERS_STRING_CATALOGS = YES;
				MTL_ENABLE_DEBUG_INFO = INCLUDE_SOURCE;
				MTL_FAST_MATH = YES;
				ONLY_ACTIVE_ARCH = YES;
				SDKROOT = iphoneos;
				STRING_CATALOG_GENERATE_SYMBOLS = YES;
				SWIFT_ACTIVE_COMPILATION_CONDITIONS = "DEBUG $(inherited)";
				SWIFT_OPTIMIZATION_LEVEL = "-Onone";
			};
			name = Debug;
		};
		3B5F1A1A24B8F1E000E2D8D2 /* Release */ = {
			isa = XCBuildConfiguration;
			buildSettings = {
				ALWAYS_SEARCH_USER_PATHS = NO;
				ASSETCATALOG_COMPILER_GENERATE_SWIFT_ASSET_SYMBOL_EXTENSIONS = YES;
				CLANG_ANALYZER_NONNULL = YES;
				CLANG_ANALYZER_NUMBER_OBJECT_CONVERSION = YES_AGGRESSIVE;
				CLANG_CXX_LANGUAGE_STANDARD = "gnu++20";
				CLANG_ENABLE_MODULES = YES;
				CLANG_ENABLE_OBJC_ARC = YES;
				CLANG_ENABLE_OBJC_WEAK = YES;
				CLANG_WARN_BLOCK_CAPTURE_AUTORELEASING = YES;
				CLANG_WARN_BOOL_CONVERSION = YES;
				CLANG_WARN_COMMA = YES;
				CLANG_WARN_CONSTANT_CONVERSION = YES;
				CLANG_WARN_DEPRECATED_OBJC_IMPLEMENTATIONS = YES;
				CLANG_WARN_DIRECT_OBJC_ISA_USAGE = YES_ERROR;
				CLANG_WARN_DOCUMENTATION_COMMENTS = YES;
				CLANG_WARN_EMPTY_BODY = YES;
				CLANG_WARN_ENUM_CONVERSION = YES;
				CLANG_WARN_INFINITE_RECURSION = YES;
				CLANG_WARN_INT_CONVERSION = YES;
				CLANG_WARN_NON_LITERAL_NULL_CONVERSION = YES;
				CLANG_WARN_OBJC_IMPLICIT_RETAIN_SELF = YES;
				CLANG_WARN_OBJC_LITERAL_CONVERSION = YES;
				CLANG_WARN_OBJC_ROOT_CLASS = YES_ERROR;
				CLANG_WARN_QUOTED_INCLUDE_IN_FRAMEWORK_HEADER = YES;
				CLANG_WARN_RANGE_LOOP_ANALYSIS = YES;
				CLANG_WARN_STRICT_PROTOTYPES = YES;
				CLANG_WARN_SUSPICIOUS_MOVE = YES;
				CLANG_WARN_UNGUARDED_AVAILABILITY = YES_AGGRESSIVE;
				CLANG_WARN_UNREACHABLE_CODE = YES;
				CLANG_WARN__DUPLICATE_METHOD_MATCH = YES;
				COPY_PHASE_STRIP = NO;
				DEBUG_INFORMATION_FORMAT = "dwarf-with-dsym";
				DEVELOPMENT_TEAM = 4UTYHPV7AM;
				ENABLE_NS_ASSERTIONS = NO;
				ENABLE_STRICT_OBJC_MSGSEND = YES;
				ENABLE_USER_SCRIPT_SANDBOXING = YES;
				GCC_C_LANGUAGE_STANDARD = gnu17;
				GCC_NO_COMMON_BLOCKS = YES;
				GCC_WARN_64_TO_32_BIT_CONVERSION = YES;
				GCC_WARN_ABOUT_RETURN_TYPE = YES_ERROR;
				GCC_WARN_UNDECLARED_SELECTOR = YES;
				GCC_WARN_UNINITIALIZED_AUTOS = YES_AGGRESSIVE;
				GCC_WARN_UNUSED_FUNCTION = YES;
				GCC_WARN_UNUSED_VARIABLE = YES;
				IPHONEOS_DEPLOYMENT_TARGET = 16.0;
				LOCALIZATION_PREFERS_STRING_CATALOGS = YES;
				MTL_ENABLE_DEBUG_INFO = NO;
				MTL_FAST_MATH = YES;
				SDKROOT = iphoneos;
				STRING_CATALOG_GENERATE_SYMBOLS = YES;
				SWIFT_COMPILATION_MODE = wholemodule;
				VALIDATE_PRODUCT = YES;
			};
			name = Release;
		};
		3B5F1A1C24B8F1E000E2D8D3 /* Debug */ = {
			isa = XCBuildConfiguration;
			buildSettings = {
				ASSETCATALOG_COMPILER_APPICON_NAME = AppIcon;
				ASSETCATALOG_COMPILER_GLOBAL_ACCENT_COLOR_NAME = AccentColor;
				CODE_SIGN_STYLE = Automatic;
				CURRENT_PROJECT_VERSION = 1;
				DEVELOPMENT_ASSET_PATHS = "";
				ENABLE_PREVIEWS = YES;
				GENERATE_INFOPLIST_FILE = NO;
				INFOPLIST_FILE = PaceCalculator/Info.plist;
				INFOPLIST_KEY_UIApplicationSceneManifest_Generation = YES;
				INFOPLIST_KEY_UIApplicationSupportsIndirectInputEvents = YES;
				INFOPLIST_KEY_UILaunchScreen_Generation = YES;
				INFOPLIST_KEY_UISupportedInterfaceOrientations = "UIInterfaceOrientationPortrait UIInterfaceOrientationLandscapeLeft UIInterfaceOrientationLandscapeRight";
				INFOPLIST_KEY_UISupportedInterfaceOrientations_iPad = "UIInterfaceOrientationPortrait UIInterfaceOrientationPortraitUpsideDown UIInterfaceOrientationLandscapeLeft UIInterfaceOrientationLandscapeRight";
				IPHONEOS_DEPLOYMENT_TARGET = 16.0;
				LD_RUNPATH_SEARCH_PATHS = (
					"$(inherited)",
					"@executable_path/Frameworks",
				);
				MARKETING_VERSION = 1.0;
				PRODUCT_BUNDLE_IDENTIFIER = com.yourcompany.PaceCalculator;
				PRODUCT_NAME = "$(TARGET_NAME)";
				SWIFT_EMIT_LOC_STRINGS = YES;
				SWIFT_VERSION = 5.0;
				TARGETED_DEVICE_FAMILY = "1,2";
			};
			name = Debug;
		};
		3B5F1A1D24B8F1E000E2D8D4 /* Release */ = {
			isa = XCBuildConfiguration;
			buildSettings = {
				ASSETCATALOG_COMPILER_APPICON_NAME = AppIcon;
				ASSETCATALOG_COMPILER_GLOBAL_ACCENT_COLOR_NAME = AccentColor;
				CODE_SIGN_STYLE = Automatic;
				CURRENT_PROJECT_VERSION = 1;
				DEVELOPMENT_ASSET_PATHS = "";
				ENABLE_PREVIEWS = YES;
				GENERATE_INFOPLIST_FILE = NO;
				INFOPLIST_FILE = PaceCalculator/Info.plist;
				INFOPLIST_KEY_UIApplicationSceneManifest_Generation = YES;
				INFOPLIST_KEY_UIApplicationSupportsIndirectInputEvents = YES;
				INFOPLIST_KEY_UILaunchScreen_Generation = YES;
				INFOPLIST_KEY_UISupportedInterfaceOrientations = "UIInterfaceOrientationPortrait UIInterfaceOrientationLandscapeLeft UIInterfaceOrientationLandscapeRight";
				INFOPLIST_KEY_UISupportedInterfaceOrientations_iPad = "UIInterfaceOrientationPortrait UIInterfaceOrientationPortraitUpsideDown UIInterfaceOrientationLandscapeLeft UIInterfaceOrientationLandscapeRight";
				IPHONEOS_DEPLOYMENT_TARGET = 16.0;
				LD_RUNPATH_SEARCH_PATHS = (
					"$(inherited)",
					"@executable_path/Frameworks",
				);
				MARKETING_VERSION = 1.0;
				PRODUCT_BUNDLE_IDENTIFIER = com.yourcompany.PaceCalculator;
				PRODUCT_NAME = "$(TARGET_NAME)";
				SWIFT_EMIT_LOC_STRINGS = YES;
				SWIFT_VERSION = 5.0;
				TARGETED_DEVICE_FAMILY = "1,2";
			};
			name = Release;
		};
/* End XCBuildConfiguration section */

/* Begin XCConfigurationList section */
		3B5F19F824B8F1A000E2D8C6 /* Build configuration list for PBXProject "PaceCalculator" */ = {
			isa = XCConfigurationList;
			buildConfigurations = (
				3B5F1A1924B8F1E000E2D8D1 /* Debug */,
				3B5F1A1A24B8F1E000E2D8D2 /* Release */,
			);
			defaultConfigurationIsVisible = 0;
			defaultConfigurationName = Release;
		};
		3B5F1A1B24B8F1E000E2D8C2 /* Build configuration list for PBXNativeTarget "PaceCalculator" */ = {
			isa = XCConfigurationList;
			buildConfigurations = (
				3B5F1A1C24B8F1E000E2D8D3 /* Debug */,
				3B5F1A1D24B8F1E000E2D8D4 /* Release */,
			);
			defaultConfigurationIsVisible = 0;
			defaultConfigurationName = Release;
		};
/* End XCConfigurationList section */
	};
	rootObject = 3B5F19F524B8F1A000E2D8C5 /* Project object */;
}
